# THIS IS AN AUTOGENERATED FILE. DO NOT EDIT THIS FILE DIRECTLY.
# yarn lockfile v1


"@prisma/client@3.6.0":
  version "3.6.0"
  resolved "https://registry.yarnpkg.com/@prisma/client/-/client-3.6.0.tgz#68a60cd4c73a369b11f72e173e86fd6789939293"
  dependencies:
    "@prisma/engines-version" "3.6.0-24.dc520b92b1ebb2d28dc3161f9f82e875bd35d727"

"@prisma/engines-version@3.6.0-24.dc520b92b1ebb2d28dc3161f9f82e875bd35d727":
  version "3.6.0-24.dc520b92b1ebb2d28dc3161f9f82e875bd35d727"
  resolved "https://registry.yarnpkg.com/@prisma/engines-version/-/engines-version-3.6.0-24.dc520b92b1ebb2d28dc3161f9f82e875bd35d727.tgz#25aa447776849a774885866b998732b37ec4f4f5"

"@prisma/engines@3.6.0-24.dc520b92b1ebb2d28dc3161f9f82e875bd35d727":
  version "3.6.0-24.dc520b92b1ebb2d28dc3161f9f82e875bd35d727"
  resolved "https://registry.yarnpkg.com/@prisma/engines/-/engines-3.6.0-24.dc520b92b1ebb2d28dc3161f9f82e875bd35d727.tgz#c68ede6aeffa9ef7743a32cfa6daf9172a4e15b3"

prisma@3.6.0:
  version "3.6.0"
  resolved "https://registry.yarnpkg.com/prisma/-/prisma-3.6.0.tgz#99532abc02e045e58c6133a19771bdeb28cecdbe"
  dependencies:
    "@prisma/engines" "3.6.0-24.dc520b92b1ebb2d28dc3161f9f82e875bd35d727"
